
Microsoft Visual Studio Solution File, Format Version 12.00
# Visual Studio Version 17
VisualStudioVersion = 17.11.35327.3
MinimumVisualStudioVersion = 10.0.40219.1
Project("{FAE04EC0-301F-11D3-BF4B-00C04F79EFBC}") = "LibroSOAPService", "LibroSOAPService\LibroSOAPService.csproj", "{DC94FF12-9638-489B-B598-A8C65340B9AC}"
EndProject
Project("{2150E333-8FDC-42A3-9474-1A3956D46DE8}") = "Elementos de la solución", "Elementos de la solución", "{4BDE105C-C5D7-46A6-B142-F96FF307D2BC}"
EndProject
Global
	GlobalSection(SolutionConfigurationPlatforms) = preSolution
		Debug|Any CPU = Debug|Any CPU
		Release|Any CPU = Release|Any CPU
	EndGlobalSection
	GlobalSection(ProjectConfigurationPlatforms) = postSolution
		{DC94FF12-9638-489B-B598-A8C65340B9AC}.Debug|Any CPU.ActiveCfg = Debug|Any CPU
		{DC94FF12-9638-489B-B598-A8C65340B9AC}.Debug|Any CPU.Build.0 = Debug|Any CPU
		{DC94FF12-9638-489B-B598-A8C65340B9AC}.Release|Any CPU.ActiveCfg = Release|Any CPU
		{DC94FF12-9638-489B-B598-A8C65340B9AC}.Release|Any CPU.Build.0 = Release|Any CPU
	EndGlobalSection
	GlobalSection(SolutionProperties) = preSolution
		HideSolutionNode = FALSE
	EndGlobalSection
	GlobalSection(ExtensibilityGlobals) = postSolution
		SolutionGuid = {92E04B9D-1E77-4B6B-889A-05D7909C6AC5}
	EndGlobalSection
EndGlobal
